{
    "_meta": {
        "hash": {
            "sha256": "e3e73076536a00d1ead82d3560ab914349358ce186739caf6d41b959d9cbaa1d"
        },
        "pipfile-spec": 6,
        "requires": {
            "python_version": "3.12"
        },
        "sources": [
            {
                "name": "pypi",
                "url": "https://pypi.org/simple",
                "verify_ssl": true
            }
        ]
    },
    "default": {
        "numexpr": {
            "hashes": [
                "sha256:0d7bfc8b77d8a7b04cd64ae42b62b3bf824a8c751ca235692bfd5231c6e90127",
                "sha256:12146521b1730073859a20454e75004e38cd0cb61333e763c58ef5171e101eb2",
                "sha256:121b049b6909787111daf92919c052c4fd87b5691172e8f19f702b96f20aaafa",
                "sha256:17104051f0bd83fd350212e268d8b48017d5eff522b09b573fdbcc560c5e7ab3",
                "sha256:22ccd67c0fbeae091f2c577f5b9c8046de6631d46b1cbe22aad46a08d2b42c2d",
                "sha256:290f91c7ba7772abaf7107f3cc0601d93d6a3f21c13ee3da93f1b8a9ca3e8d39",
                "sha256:296dc1f79d386166dec3bdb45f51caba29ffd8dc91db15447108c04d3001d921",
                "sha256:2ae264c35fa67cd510191ab8144f131fddd0f1d13413af710913ea6fc0c6aa61",
                "sha256:307b49fd15ef2ca292f381e67759e5b477410341f2f499a377234f1b42f529a6",
                "sha256:399cb914b41c4027ba88a18f6b8ccfc3af5c32bc3b1758403a7c44c72530618a",
                "sha256:3f168b4b42d4cb120fe1993676dcf74b77a3e8e45b58855566da037cfd938ca3",
                "sha256:47c05007cd1c553515492c1a78b5477eaaba9cadc5d7b795d49f7aae53ccdf68",
                "sha256:4d83a542d9deefb050e389aacaddea0f09d68ec617dd37e45b9a7cfbcba6d729",
                "sha256:4f01d71db6fdb97a68def5407e2dbd748eaea9d98929db08816de40aa4ae3084",
                "sha256:5a92f230dd9d6c42803f855970e93677b44290b6dad15cb6796fd85edee171ce",
                "sha256:6459dc6ed6abcdeab3cd3667c79f29e4a0f0a02c29ad71ee5cff065e880ee9ef",
                "sha256:76f0f010f9c6318bae213b21c5c0e381c2fc9c9ecb8b35f99f5030e7ac96c9ce",
                "sha256:7badc50efbb2f1c8b78cd68089031e0fd29cbafa6a9e6d730533f22d88168406",
                "sha256:85c9f79e346c26aa0d425ecfc9e5de7184567d5e48d0bdb02d468bb927e92525",
                "sha256:925927cd1f610593e7783d8f2e12e3d800d5928601e077e4910e2b50bde624b6",
                "sha256:a82d710145b0fbaec919dde9c90ed9df1e6785625cc36d1c71f3a53112b66fc5",
                "sha256:aab17d65751c039d13ed9d49c9a7517b130ef488c1885c4666af9b5c6ad59520",
                "sha256:b4649c1dcf9b0c2ae0a7b767dbbbde4e05ee68480c1ba7f06fc7963f1f73acf4",
                "sha256:bf8c517bbbb82c07c23c17f9d52b4c9f86601f57d48e87c0cbda24af5907f4dd",
                "sha256:ccef9b09432d59229c2a737882e55de7906006452003323e107576f264cec373",
                "sha256:cd07793b074cc38e478637cbe738dff7d8eb92b5cf8ffaacff0c4f0bca5270a0",
                "sha256:dbac846f713b4c82333e6af0814ebea0b4e74dfb2649e76c58953fd4862322dd",
                "sha256:e76ce4d25372f46170cf7eb1ff14ed5d9c69a0b162a405063cbe481bafe3af34",
                "sha256:f031ac4e70f9ad867543bfbde8452e9d1a14f0525346b4b8bd4e5c0f1380a11c"
            ],
            "index": "pypi",
            "markers": "python_version >= '3.9'",
            "version": "==2.8.8"
        },
        "numpy": {
            "hashes": [
                "sha256:06fa1ed84aa60ea6ef9f91ba57b5ed963c3729534e6e54055fc151fad0423f0a",
                "sha256:174a8880739c16c925799c018f3f55b8130c1f7c8e75ab0a6fa9d41cab092fd6",
                "sha256:1a13860fdcd95de7cf58bd6f8bc5a5ef81c0b0625eb2c9a783948847abbef2c2",
                "sha256:1cc3d5029a30fb5f06704ad6b23b35e11309491c999838c31f124fee32107c79",
                "sha256:22f8fc02fdbc829e7a8c578dd8d2e15a9074b630d4da29cda483337e300e3ee9",
                "sha256:26c9d33f8e8b846d5a65dd068c14e04018d05533b348d9eaeef6c1bd787f9919",
                "sha256:2b3fca8a5b00184828d12b073af4d0fc5fdd94b1632c2477526f6bd7842d700d",
                "sha256:2beef57fb031dcc0dc8fa4fe297a742027b954949cabb52a2a376c144e5e6060",
                "sha256:36340109af8da8805d8851ef1d74761b3b88e81a9bd80b290bbfed61bd2b4f75",
                "sha256:3703fc9258a4a122d17043e57b35e5ef1c5a5837c3db8be396c82e04c1cf9b0f",
                "sha256:3ced40d4e9e18242f70dd02d739e44698df3dcb010d31f495ff00a31ef6014fe",
                "sha256:4a06263321dfd3598cacb252f51e521a8cb4b6df471bb12a7ee5cbab20ea9167",
                "sha256:4eb8df4bf8d3d90d091e0146f6c28492b0be84da3e409ebef54349f71ed271ef",
                "sha256:5d5244aabd6ed7f312268b9247be47343a654ebea52a60f002dc70c769048e75",
                "sha256:64308ebc366a8ed63fd0bf426b6a9468060962f1a4339ab1074c228fa6ade8e3",
                "sha256:6a3cdb4d9c70e6b8c0814239ead47da00934666f668426fc6e94cce869e13fd7",
                "sha256:854ab91a2906ef29dc3925a064fcd365c7b4da743f84b123002f6139bcb3f8a7",
                "sha256:94cc3c222bb9fb5a12e334d0479b97bb2df446fbe622b470928f5284ffca3f8d",
                "sha256:96ca5482c3dbdd051bcd1fce8034603d6ebfc125a7bd59f55b40d8f5d246832b",
                "sha256:a2bbc29fcb1771cd7b7425f98b05307776a6baf43035d3b80c4b0f29e9545186",
                "sha256:a4cd6ed4a339c21f1d1b0fdf13426cb3b284555c27ac2f156dfdaaa7e16bfab0",
                "sha256:aa18428111fb9a591d7a9cc1b48150097ba6a7e8299fb56bdf574df650e7d1f1",
                "sha256:aa317b2325f7aa0a9471663e6093c210cb2ae9c0ad824732b307d2c51983d5b6",
                "sha256:b04f5dc6b3efdaab541f7857351aac359e6ae3c126e2edb376929bd3b7f92d7e",
                "sha256:b272d4cecc32c9e19911891446b72e986157e6a1809b7b56518b4f3755267523",
                "sha256:b361d369fc7e5e1714cf827b731ca32bff8d411212fccd29ad98ad622449cc36",
                "sha256:b96e7b9c624ef3ae2ae0e04fa9b460f6b9f17ad8b4bec6d7756510f1f6c0c841",
                "sha256:baf8aab04a2c0e859da118f0b38617e5ee65d75b83795055fb66c0d5e9e9b818",
                "sha256:bcc008217145b3d77abd3e4d5ef586e3bdfba8fe17940769f8aa09b99e856c00",
                "sha256:bd3f0091e845164a20bd5a326860c840fe2af79fa12e0469a12768a3ec578d80",
                "sha256:cc392fdcbd21d4be6ae1bb4475a03ce3b025cd49a9be5345d76d7585aea69440",
                "sha256:d73a3abcac238250091b11caef9ad12413dab01669511779bc9b29261dd50210",
                "sha256:f43740ab089277d403aa07567be138fc2a89d4d9892d113b76153e0e412409f8",
                "sha256:f65738447676ab5777f11e6bbbdb8ce11b785e105f690bc45966574816b6d3ea",
                "sha256:f79b231bf5c16b1f39c7f4875e1ded36abee1591e98742b05d8a0fb55d8a3eec",
                "sha256:fe6b44fb8fcdf7eda4ef4461b97b3f63c466b27ab151bec2366db8b197387841"
            ],
            "index": "pypi",
            "markers": "python_version >= '3.9'",
            "version": "==1.26.2"
        }
    },
    "develop": {}
}
